
Microsoft Visual Studio Solution File, Format Version 12.00
# Visual Studio Version 16
VisualStudioVersion = 16.0.31729.503
MinimumVisualStudioVersion = 10.0.40219.1
Project("{FAE04EC0-301F-11D3-BF4B-00C04F79EFBC}") = "Site.Server", "Site.Server\Site.Server.csproj", "{41217B4E-74D7-4E9A-BBEE-D1696D87FB97}"
EndProject
Project("{13B669BE-BB05-4DDF-9536-439F39A36129}") = "Site", "Site\Site.msbuildproj", "{AB9F4DFB-0076-4876-980E-8052AEF588D9}"
EndProject
Global
	GlobalSection(SolutionConfigurationPlatforms) = preSolution
		Debug|Any CPU = Debug|Any CPU
		Release|Any CPU = Release|Any CPU
	EndGlobalSection
	GlobalSection(ProjectConfigurationPlatforms) = postSolution
		{41217B4E-74D7-4E9A-BBEE-D1696D87FB97}.Debug|Any CPU.ActiveCfg = Debug|Any CPU
		{41217B4E-74D7-4E9A-BBEE-D1696D87FB97}.Debug|Any CPU.Build.0 = Debug|Any CPU
		{41217B4E-74D7-4E9A-BBEE-D1696D87FB97}.Release|Any CPU.ActiveCfg = Release|Any CPU
		{41217B4E-74D7-4E9A-BBEE-D1696D87FB97}.Release|Any CPU.Build.0 = Release|Any CPU
		{AB9F4DFB-0076-4876-980E-8052AEF588D9}.Debug|Any CPU.ActiveCfg = Debug|Any CPU
		{AB9F4DFB-0076-4876-980E-8052AEF588D9}.Debug|Any CPU.Build.0 = Debug|Any CPU
		{AB9F4DFB-0076-4876-980E-8052AEF588D9}.Release|Any CPU.ActiveCfg = Release|Any CPU
		{AB9F4DFB-0076-4876-980E-8052AEF588D9}.Release|Any CPU.Build.0 = Release|Any CPU
	EndGlobalSection
	GlobalSection(SolutionProperties) = preSolution
		HideSolutionNode = FALSE
	EndGlobalSection
	GlobalSection(ExtensibilityGlobals) = postSolution
		SolutionGuid = {FEF581C1-FFEB-4580-8641-E05D7725AF8F}
	EndGlobalSection
EndGlobal
